
Microsoft Visual Studio Solution File, Format Version 12.00
# Visual Studio Version 17
VisualStudioVersion = 17.2.32210.308
MinimumVisualStudioVersion = 10.0.40219.1
Project("{FAE04EC0-301F-11D3-BF4B-00C04F79EFBC}") = "Sudoku", "Sudoku\Sudoku.csproj", "{989DD5D3-520E-4717-915A-75B5ECED2752}"
EndProject
Project("{FAE04EC0-301F-11D3-BF4B-00C04F79EFBC}") = "simpleCalcultor", "simpleCalcultor\simpleCalcultor.csproj", "{74845CE0-3493-4686-ADC2-E53A059BEA02}"
EndProject
Project("{FAE04EC0-301F-11D3-BF4B-00C04F79EFBC}") = "SudokuConsole", "SudokuConsole\SudokuConsole.csproj", "{13C94F99-8FB0-46AA-BB22-71201E3B8F8A}"
EndProject
Global
	GlobalSection(SolutionConfigurationPlatforms) = preSolution
		Debug|Any CPU = Debug|Any CPU
		Release|Any CPU = Release|Any CPU
	EndGlobalSection
	GlobalSection(ProjectConfigurationPlatforms) = postSolution
		{989DD5D3-520E-4717-915A-75B5ECED2752}.Debug|Any CPU.ActiveCfg = Debug|Any CPU
		{989DD5D3-520E-4717-915A-75B5ECED2752}.Debug|Any CPU.Build.0 = Debug|Any CPU
		{989DD5D3-520E-4717-915A-75B5ECED2752}.Release|Any CPU.ActiveCfg = Release|Any CPU
		{989DD5D3-520E-4717-915A-75B5ECED2752}.Release|Any CPU.Build.0 = Release|Any CPU
		{74845CE0-3493-4686-ADC2-E53A059BEA02}.Debug|Any CPU.ActiveCfg = Debug|Any CPU
		{74845CE0-3493-4686-ADC2-E53A059BEA02}.Debug|Any CPU.Build.0 = Debug|Any CPU
		{74845CE0-3493-4686-ADC2-E53A059BEA02}.Release|Any CPU.ActiveCfg = Release|Any CPU
		{74845CE0-3493-4686-ADC2-E53A059BEA02}.Release|Any CPU.Build.0 = Release|Any CPU
		{13C94F99-8FB0-46AA-BB22-71201E3B8F8A}.Debug|Any CPU.ActiveCfg = Debug|Any CPU
		{13C94F99-8FB0-46AA-BB22-71201E3B8F8A}.Debug|Any CPU.Build.0 = Debug|Any CPU
		{13C94F99-8FB0-46AA-BB22-71201E3B8F8A}.Release|Any CPU.ActiveCfg = Release|Any CPU
		{13C94F99-8FB0-46AA-BB22-71201E3B8F8A}.Release|Any CPU.Build.0 = Release|Any CPU
	EndGlobalSection
	GlobalSection(SolutionProperties) = preSolution
		HideSolutionNode = FALSE
	EndGlobalSection
	GlobalSection(ExtensibilityGlobals) = postSolution
		SolutionGuid = {B18A8654-41B5-4994-917E-7D96CBC40F34}
	EndGlobalSection
EndGlobal
